
Microsoft Visual Studio Solution File, Format Version 12.00
# Visual Studio Version 16
VisualStudioVersion = 16.0.29306.81
MinimumVisualStudioVersion = 10.0.40219.1
Project("{FAE04EC0-301F-11D3-BF4B-00C04F79EFBC}") = "Healthapp", "Healthapp.csproj", "{E3911634-31FF-4DAF-A7DD-914C04F85767}"
EndProject
Global
	GlobalSection(SolutionConfigurationPlatforms) = preSolution
		Debug|Any CPU = Debug|Any CPU
		Release|Any CPU = Release|Any CPU
	EndGlobalSection
	GlobalSection(ProjectConfigurationPlatforms) = postSolution
		{E3911634-31FF-4DAF-A7DD-914C04F85767}.Debug|Any CPU.ActiveCfg = Debug|Any CPU
		{E3911634-31FF-4DAF-A7DD-914C04F85767}.Debug|Any CPU.Build.0 = Debug|Any CPU
		{E3911634-31FF-4DAF-A7DD-914C04F85767}.Release|Any CPU.ActiveCfg = Release|Any CPU
		{E3911634-31FF-4DAF-A7DD-914C04F85767}.Release|Any CPU.Build.0 = Release|Any CPU
	EndGlobalSection
	GlobalSection(SolutionProperties) = preSolution
		HideSolutionNode = FALSE
	EndGlobalSection
	GlobalSection(ExtensibilityGlobals) = postSolution
		SolutionGuid = {BD0184C9-56D1-40F1-8F03-19B70099EEFC}
	EndGlobalSection
EndGlobal
